// !$*UTF8*$!
{
	archiveVersion = 1;
	classes = {
	};
	objectVersion = 46;
	objects = {

/* Begin PBXBuildFile section */
		2F0C7FB11A66BC4500DA14E2 /* AppDelegate.swift in Sources */ = {isa = PBXBuildFile; fileRef = 2F0C7FB01A66BC4500DA14E2 /* AppDelegate.swift */; };
		2F0C7FB31A66BC4500DA14E2 /* ViewController.swift in Sources */ = {isa = PBXBuildFile; fileRef = 2F0C7FB21A66BC4500DA14E2 /* ViewController.swift */; };
		2F0C7FB61A66BC4500DA14E2 /* Main.storyboard in Resources */ = {isa = PBXBuildFile; fileRef = 2F0C7FB41A66BC4500DA14E2 /* Main.storyboard */; };
		2F0C7FB81A66BC4500DA14E2 /* Images.xcassets in Resources */ = {isa = PBXBuildFile; fileRef = 2F0C7FB71A66BC4500DA14E2 /* Images.xcassets */; };
		2F0C7FBB1A66BC4500DA14E2 /* LaunchScreen.xib in Resources */ = {isa = PBXBuildFile; fileRef = 2F0C7FB91A66BC4500DA14E2 /* LaunchScreen.xib */; };
		2F0C7FC71A66BC4500DA14E2 /* tipsTests.swift in Sources */ = {isa = PBXBuildFile; fileRef = 2F0C7FC61A66BC4500DA14E2 /* tipsTests.swift */; };
/* End PBXBuildFile section */

/* Begin PBXContainerItemProxy section */
		2F0C7FC11A66BC4500DA14E2 /* PBXContainerItemProxy */ = {
			isa = PBXContainerItemProxy;
			containerPortal = 2F0C7FA31A66BC4500DA14E2 /* Project object */;
			proxyType = 1;
			remoteGlobalIDString = 2F0C7FAA1A66BC4500DA14E2;
			remoteInfo = tips;
		};
/* End PBXContainerItemProxy section */

/* Begin PBXFileReference section */
		2F0C7FAB1A66BC4500DA14E2 /* tips.app */ = {isa = PBXFileReference; explicitFileType = wrapper.application; includeInIndex = 0; path = tips.app; sourceTree = BUILT_PRODUCTS_DIR; };
		2F0C7FAF1A66BC4500DA14E2 /* Info.plist */ = {isa = PBXFileReference; lastKnownFileType = text.plist.xml; path = Info.plist; sourceTree = "<group>"; };
		2F0C7FB01A66BC4500DA14E2 /* AppDelegate.swift */ = {isa = PBXFileReference; lastKnownFileType = sourcecode.swift; path = AppDelegate.swift; sourceTree = "<group>"; };
		2F0C7FB21A66BC4500DA14E2 /* ViewController.swift */ = {isa = PBXFileReference; lastKnownFileType = sourcecode.swift; path = ViewController.swift; sourceTree = "<group>"; };
		2F0C7FB51A66BC4500DA14E2 /* Base */ = {isa = PBXFileReference; lastKnownFileType = file.storyboard; name = Base; path = Base.lproj/Main.storyboard; sourceTree = "<group>"; };
		2F0C7FB71A66BC4500DA14E2 /* Images.xcassets */ = {isa = PBXFileReference; lastKnownFileType = folder.assetcatalog; path = Images.xcassets; sourceTree = "<group>"; };
		2F0C7FBA1A66BC4500DA14E2 /* Base */ = {isa = PBXFileReference; lastKnownFileType = file.xib; name = Base; path = Base.lproj/LaunchScreen.xib; sourceTree = "<group>"; };
		2F0C7FC01A66BC4500DA14E2 /* tipsTests.xctest */ = {isa = PBXFileReference; explicitFileType = wrapper.cfbundle; includeInIndex = 0; path = tipsTests.xctest; sourceTree = BUILT_PRODUCTS_DIR; };
		2F0C7FC51A66BC4500DA14E2 /* Info.plist */ = {isa = PBXFileReference; lastKnownFileType = text.plist.xml; path = Info.plist; sourceTree = "<group>"; };
		2F0C7FC61A66BC4500DA14E2 /* tipsTests.swift */ = {isa = PBXFileReference; lastKnownFileType = sourcecode.swift; path = tipsTests.swift; sourceTree = "<group>"; };
/* End PBXFileReference section */

/* Begin PBXFrameworksBuildPhase section */
		2F0C7FA81A66BC4500DA14E2 /* Frameworks */ = {
			isa = PBXFrameworksBuildPhase;
			buildActionMask = 2147483647;
			files = (
			);
			runOnlyForDeploymentPostprocessing = 0;
		};
		2F0C7FBD1A66BC4500DA14E2 /* Frameworks */ = {
			isa = PBXFrameworksBuildPhase;
			buildActionMask = 2147483647;
			files = (
			);
			runOnlyForDeploymentPostprocessing = 0;
		};
/* End PBXFrameworksBuildPhase section */

/* Begin PBXGroup section */
		2F0C7FA21A66BC4500DA14E2 = {
			isa = PBXGroup;
			children = (
				2F0C7FAD1A66BC4500DA14E2 /* tips */,
				2F0C7FC31A66BC4500DA14E2 /* tipsTests */,
				2F0C7FAC1A66BC4500DA14E2 /* Products */,
			);
			sourceTree = "<group>";
		};
		2F0C7FAC1A66BC4500DA14E2 /* Products */ = {
			isa = PBXGroup;
			children = (
				2F0C7FAB1A66BC4500DA14E2 /* tips.app */,
				2F0C7FC01A66BC4500DA14E2 /* tipsTests.xctest */,
			);
			name = Products;
			sourceTree = "<group>";
		};
		2F0C7FAD1A66BC4500DA14E2 /* tips */ = {
			isa = PBXGroup;
			children = (
				2F0C7FB01A66BC4500DA14E2 /* AppDelegate.swift */,
				2F0C7FB21A66BC4500DA14E2 /* ViewController.swift */,
				2F0C7FB41A66BC4500DA14E2 /* Main.storyboard */,
				2F0C7FB71A66BC4500DA14E2 /* Images.xcassets */,
				2F0C7FB91A66BC4500DA14E2 /* LaunchScreen.xib */,
				2F0C7FAE1A66BC4500DA14E2 /* Supporting Files */,
			);
			path = tips;
			sourceTree = "<group>";
		};
		2F0C7FAE1A66BC4500DA14E2 /* Supporting Files */ = {
			isa = PBXGroup;
			children = (
				2F0C7FAF1A66BC4500DA14E2 /* Info.plist */,
			);
			name = "Supporting Files";
			sourceTree = "<group>";
		};
		2F0C7FC31A66BC4500DA14E2 /* tipsTests */ = {
			isa = PBXGroup;
			children = (
				2F0C7FC61A66BC4500DA14E2 /* tipsTests.swift */,
				2F0C7FC41A66BC4500DA14E2 /* Supporting Files */,
			);
			path = tipsTests;
			sourceTree = "<group>";
		};
		2F0C7FC41A66BC4500DA14E2 /* Supporting Files */ = {
			isa = PBXGroup;
			children = (
				2F0C7FC51A66BC4500DA14E2 /* Info.plist */,
			);
			name = "Supporting Files";
			sourceTree = "<group>";
		};
/* End PBXGroup section */

/* Begin PBXNativeTarget section */
		2F0C7FAA1A66BC4500DA14E2 /* tips */ = {
			isa = PBXNativeTarget;
			buildConfigurationList = 2F0C7FCA1A66BC4500DA14E2 /* Build configuration list for PBXNativeTarget "tips" */;
			buildPhases = (
				2F0C7FA71A66BC4500DA14E2 /* Sources */,
				2F0C7FA81A66BC4500DA14E2 /* Frameworks */,
				2F0C7FA91A66BC4500DA14E2 /* Resources */,
			);
			buildRules = (
			);
			dependencies = (
			);
			name = tips;
			productName = tips;
			productReference = 2F0C7FAB1A66BC4500DA14E2 /* tips.app */;
			productType = "com.apple.product-type.application";
		};
		2F0C7FBF1A66BC4500DA14E2 /* tipsTests */ = {
			isa = PBXNativeTarget;
			buildConfigurationList = 2F0C7FCD1A66BC4500DA14E2 /* Build configuration list for PBXNativeTarget "tipsTests" */;
			buildPhases = (
				2F0C7FBC1A66BC4500DA14E2 /* Sources */,
				2F0C7FBD1A66BC4500DA14E2 /* Frameworks */,
				2F0C7FBE1A66BC4500DA14E2 /* Resources */,
			);
			buildRules = (
			);
			dependencies = (
				2F0C7FC21A66BC4500DA14E2 /* PBXTargetDependency */,
			);
			name = tipsTests;
			productName = tipsTests;
			productReference = 2F0C7FC01A66BC4500DA14E2 /* tipsTests.xctest */;
			productType = "com.apple.product-type.bundle.unit-test";
		};
/* End PBXNativeTarget section */

/* Begin PBXProject section */
		2F0C7FA31A66BC4500DA14E2 /* Project object */ = {
			isa = PBXProject;
			attributes = {
				LastUpgradeCheck = 0610;
				ORGANIZATIONNAME = "Josh Lehman";
				TargetAttributes = {
					2F0C7FAA1A66BC4500DA14E2 = {
						CreatedOnToolsVersion = 6.1.1;
					};
					2F0C7FBF1A66BC4500DA14E2 = {
						CreatedOnToolsVersion = 6.1.1;
						TestTargetID = 2F0C7FAA1A66BC4500DA14E2;
					};
				};
			};
			buildConfigurationList = 2F0C7FA61A66BC4500DA14E2 /* Build configuration list for PBXProject "tips" */;
			compatibilityVersion = "Xcode 3.2";
			developmentRegion = English;
			hasScannedForEncodings = 0;
			knownRegions = (
				en,
				Base,
			);
			mainGroup = 2F0C7FA21A66BC4500DA14E2;
			productRefGroup = 2F0C7FAC1A66BC4500DA14E2 /* Products */;
			projectDirPath = "";
			projectRoot = "";
			targets = (
				2F0C7FAA1A66BC4500DA14E2 /* tips */,
				2F0C7FBF1A66BC4500DA14E2 /* tipsTests */,
			);
		};
/* End PBXProject section */

/* Begin PBXResourcesBuildPhase section */
		2F0C7FA91A66BC4500DA14E2 /* Resources */ = {
			isa = PBXResourcesBuildPhase;
			buildActionMask = 2147483647;
			files = (
				2F0C7FB61A66BC4500DA14E2 /* Main.storyboard in Resources */,
				2F0C7FBB1A66BC4500DA14E2 /* LaunchScreen.xib in Resources */,
				2F0C7FB81A66BC4500DA14E2 /* Images.xcassets in Resources */,
			);
			runOnlyForDeploymentPostprocessing = 0;
		};
		2F0C7FBE1A66BC4500DA14E2 /* Resources */ = {
			isa = PBXResourcesBuildPhase;
			buildActionMask = 2147483647;
			files = (
			);
			runOnlyForDeploymentPostprocessing = 0;
		};
/* End PBXResourcesBuildPhase section */

/* Begin PBXSourcesBuildPhase section */
		2F0C7FA71A66BC4500DA14E2 /* Sources */ = {
			isa = PBXSourcesBuildPhase;
			buildActionMask = 2147483647;
			files = (
				2F0C7FB31A66BC4500DA14E2 /* ViewController.swift in Sources */,
				2F0C7FB11A66BC4500DA14E2 /* AppDelegate.swift in Sources */,
			);
			runOnlyForDeploymentPostprocessing = 0;
		};
		2F0C7FBC1A66BC4500DA14E2 /* Sources */ = {
			isa = PBXSourcesBuildPhase;
			buildActionMask = 2147483647;
			files = (
				2F0C7FC71A66BC4500DA14E2 /* tipsTests.swift in Sources */,
			);
			runOnlyForDeploymentPostprocessing = 0;
		};
/* End PBXSourcesBuildPhase section */

/* Begin PBXTargetDependency section */
		2F0C7FC21A66BC4500DA14E2 /* PBXTargetDependency */ = {
			isa = PBXTargetDependency;
			target = 2F0C7FAA1A66BC4500DA14E2 /* tips */;
			targetProxy = 2F0C7FC11A66BC4500DA14E2 /* PBXContainerItemProxy */;
		};
/* End PBXTargetDependency section */

/* Begin PBXVariantGroup section */
		2F0C7FB41A66BC4500DA14E2 /* Main.storyboard */ = {
			isa = PBXVariantGroup;
			children = (
				2F0C7FB51A66BC4500DA14E2 /* Base */,
			);
			name = Main.storyboard;
			sourceTree = "<group>";
		};
		2F0C7FB91A66BC4500DA14E2 /* LaunchScreen.xib */ = {
			isa = PBXVariantGroup;
			children = (
				2F0C7FBA1A66BC4500DA14E2 /* Base */,
			);
			name = LaunchScreen.xib;
			sourceTree = "<group>";
		};
/* End PBXVariantGroup section */

/* Begin XCBuildConfiguration section */
		2F0C7FC81A66BC4500DA14E2 /* Debug */ = {
			isa = XCBuildConfiguration;
			buildSettings = {
				ALWAYS_SEARCH_USER_PATHS = NO;
				CLANG_CXX_LANGUAGE_STANDARD = "gnu++0x";
				CLANG_CXX_LIBRARY = "libc++";
				CLANG_ENABLE_MODULES = YES;
				CLANG_ENABLE_OBJC_ARC = YES;
				CLANG_WARN_BOOL_CONVERSION = YES;
				CLANG_WARN_CONSTANT_CONVERSION = YES;
				CLANG_WARN_DIRECT_OBJC_ISA_USAGE = YES_ERROR;
				CLANG_WARN_EMPTY_BODY = YES;
				CLANG_WARN_ENUM_CONVERSION = YES;
				CLANG_WARN_INT_CONVERSION = YES;
				CLANG_WARN_OBJC_ROOT_CLASS = YES_ERROR;
				CLANG_WARN_UNREACHABLE_CODE = YES;
				CLANG_WARN__DUPLICATE_METHOD_MATCH = YES;
				"CODE_SIGN_IDENTITY[sdk=iphoneos*]" = "iPhone Developer";
				COPY_PHASE_STRIP = NO;
				ENABLE_STRICT_OBJC_MSGSEND = YES;
				GCC_C_LANGUAGE_STANDARD = gnu99;
				GCC_DYNAMIC_NO_PIC = NO;
				GCC_OPTIMIZATION_LEVEL = 0;
				GCC_PREPROCESSOR_DEFINITIONS = (
					"DEBUG=1",
					"$(inherited)",
				);
				GCC_SYMBOLS_PRIVATE_EXTERN = NO;
				GCC_WARN_64_TO_32_BIT_CONVERSION = YES;
				GCC_WARN_ABOUT_RETURN_TYPE = YES_ERROR;
				GCC_WARN_UNDECLARED_SELECTOR = YES;
				GCC_WARN_UNINITIALIZED_AUTOS = YES_AGGRESSIVE;
				GCC_WARN_UNUSED_FUNCTION = YES;
				GCC_WARN_UNUSED_VARIABLE = YES;
				IPHONEOS_DEPLOYMENT_TARGET = 8.1;
				MTL_ENABLE_DEBUG_INFO = YES;
				ONLY_ACTIVE_ARCH = YES;
				SDKROOT = iphoneos;
				SWIFT_OPTIMIZATION_LEVEL = "-Onone";
			};
			name = Debug;
		};
		2F0C7FC91A66BC4500DA14E2 /* Release */ = {
			isa = XCBuildConfiguration;
			buildSettings = {
				ALWAYS_SEARCH_USER_PATHS = NO;
				CLANG_CXX_LANGUAGE_STANDARD = "gnu++0x";
				CLANG_CXX_LIBRARY = "libc++";
				CLANG_ENABLE_MODULES = YES;
				CLANG_ENABLE_OBJC_ARC = YES;
				CLANG_WARN_BOOL_CONVERSION = YES;
				CLANG_WARN_CONSTANT_CONVERSION = YES;
				CLANG_WARN_DIRECT_OBJC_ISA_USAGE = YES_ERROR;
				CLANG_WARN_EMPTY_BODY = YES;
				CLANG_WARN_ENUM_CONVERSION = YES;
				CLANG_WARN_INT_CONVERSION = YES;
				CLANG_WARN_OBJC_ROOT_CLASS = YES_ERROR;
				CLANG_WARN_UNREACHABLE_CODE = YES;
				CLANG_WARN__DUPLICATE_METHOD_MATCH = YES;
				"CODE_SIGN_IDENTITY[sdk=iphoneos*]" = "iPhone Developer";
				COPY_PHASE_STRIP = YES;
				ENABLE_NS_ASSERTIONS = NO;
				ENABLE_STRICT_OBJC_MSGSEND = YES;
				GCC_C_LANGUAGE_STANDARD = gnu99;
				GCC_WARN_64_TO_32_BIT_CONVERSION = YES;
				GCC_WARN_ABOUT_RETURN_TYPE = YES_ERROR;
				GCC_WARN_UNDECLARED_SELECTOR = YES;
				GCC_WARN_UNINITIALIZED_AUTOS = YES_AGGRESSIVE;
				GCC_WARN_UNUSED_FUNCTION = YES;
				GCC_WARN_UNUSED_VARIABLE = YES;
				IPHONEOS_DEPLOYMENT_TARGET = 8.1;
				MTL_ENABLE_DEBUG_INFO = NO;
				SDKROOT = iphoneos;
				VALIDATE_PRODUCT = YES;
			};
			name = Release;
		};
		2F0C7FCB1A66BC4500DA14E2 /* Debug */ = {
			isa = XCBuildConfiguration;
			buildSettings = {
				ASSETCATALOG_COMPILER_APPICON_NAME = AppIcon;
				INFOPLIST_FILE = tips/Info.plist;
				LD_RUNPATH_SEARCH_PATHS = "$(inherited) @executable_path/Frameworks";
				PRODUCT_NAME = "$(TARGET_NAME)";
			};
			name = Debug;
		};
		2F0C7FCC1A66BC4500DA14E2 /* Release */ = {
			isa = XCBuildConfiguration;
			buildSettings = {
				ASSETCATALOG_COMPILER_APPICON_NAME = AppIcon;
				INFOPLIST_FILE = tips/Info.plist;
				LD_RUNPATH_SEARCH_PATHS = "$(inherited) @executable_path/Frameworks";
				PRODUCT_NAME = "$(TARGET_NAME)";
			};
			name = Release;
		};
		2F0C7FCE1A66BC4500DA14E2 /* Debug */ = {
			isa = XCBuildConfiguration;
			buildSettings = {
				BUNDLE_LOADER = "$(TEST_HOST)";
				FRAMEWORK_SEARCH_PATHS = (
					"$(SDKROOT)/Developer/Library/Frameworks",
					"$(inherited)",
				);
				GCC_PREPROCESSOR_DEFINITIONS = (
					"DEBUG=1",
					"$(inherited)",
				);
				INFOPLIST_FILE = tipsTests/Info.plist;
				LD_RUNPATH_SEARCH_PATHS = "$(inherited) @executable_path/Frameworks @loader_path/Frameworks";
				PRODUCT_NAME = "$(TARGET_NAME)";
				TEST_HOST = "$(BUILT_PRODUCTS_DIR)/tips.app/tips";
			};
			name = Debug;
		};
		2F0C7FCF1A66BC4500DA14E2 /* Release */ = {
			isa = XCBuildConfiguration;
			buildSettings = {
				BUNDLE_LOADER = "$(TEST_HOST)";
				FRAMEWORK_SEARCH_PATHS = (
					"$(SDKROOT)/Developer/Library/Frameworks",
					"$(inherited)",
				);
				INFOPLIST_FILE = tipsTests/Info.plist;
				LD_RUNPATH_SEARCH_PATHS = "$(inherited) @executable_path/Frameworks @loader_path/Frameworks";
				PRODUCT_NAME = "$(TARGET_NAME)";
				TEST_HOST = "$(BUILT_PRODUCTS_DIR)/tips.app/tips";
			};
			name = Release;
		};
/* End XCBuildConfiguration section */

/* Begin XCConfigurationList section */
		2F0C7FA61A66BC4500DA14E2 /* Build configuration list for PBXProject "tips" */ = {
			isa = XCConfigurationList;
			buildConfigurations = (
				2F0C7FC81A66BC4500DA14E2 /* Debug */,
				2F0C7FC91A66BC4500DA14E2 /* Release */,
			);
			defaultConfigurationIsVisible = 0;
			defaultConfigurationName = Release;
		};
		2F0C7FCA1A66BC4500DA14E2 /* Build configuration list for PBXNativeTarget "tips" */ = {
			isa = XCConfigurationList;
			buildConfigurations = (
				2F0C7FCB1A66BC4500DA14E2 /* Debug */,
				2F0C7FCC1A66BC4500DA14E2 /* Release */,
			);
			defaultConfigurationIsVisible = 0;
		};
		2F0C7FCD1A66BC4500DA14E2 /* Build configuration list for PBXNativeTarget "tipsTests" */ = {
			isa = XCConfigurationList;
			buildConfigurations = (
				2F0C7FCE1A66BC4500DA14E2 /* Debug */,
				2F0C7FCF1A66BC4500DA14E2 /* Release */,
			);
			defaultConfigurationIsVisible = 0;
		};
/* End XCConfigurationList section */
	};
	rootObject = 2F0C7FA31A66BC4500DA14E2 /* Project object */;
}
